PODS:
  - Kingfisher (5.12.0):
    - Kingfisher/Core (= 5.12.0)
  - Kingfisher/Core (5.12.0)

DEPENDENCIES:
  - Kingfisher

SPEC REPOS:
  trunk:
    - Kingfisher

SPEC CHECKSUMS:
  Kingfisher: dc6e0f53bb5b12c3e75bedb0e01bbd7a640eea69

PODFILE CHECKSUM: 77aa7635a29c913f142ca5e1435bc2d1fc787b6f

COCOAPODS: 1.8.4
