// !$*UTF8*$!
{
	archiveVersion = 1;
	classes = {
	};
	objectVersion = 51;
	objects = {

/* Begin PBXBuildFile section */
		18F36CE023D148DB0015DE5A /* AppDelegate.swift in Sources */ = {isa = PBXBuildFile; fileRef = 18F36CDF23D148DB0015DE5A /* AppDelegate.swift */; };
		18F36CE223D148DB0015DE5A /* SceneDelegate.swift in Sources */ = {isa = PBXBuildFile; fileRef = 18F36CE123D148DB0015DE5A /* SceneDelegate.swift */; };
		18F36CE423D148DB0015DE5A /* ViewController.swift in Sources */ = {isa = PBXBuildFile; fileRef = 18F36CE323D148DB0015DE5A /* ViewController.swift */; };
		18F36CE723D148DB0015DE5A /* Main.storyboard in Resources */ = {isa = PBXBuildFile; fileRef = 18F36CE523D148DB0015DE5A /* Main.storyboard */; };
		18F36CE923D148DC0015DE5A /* Assets.xcassets in Resources */ = {isa = PBXBuildFile; fileRef = 18F36CE823D148DC0015DE5A /* Assets.xcassets */; };
		18F36CEC23D148DC0015DE5A /* LaunchScreen.storyboard in Resources */ = {isa = PBXBuildFile; fileRef = 18F36CEA23D148DC0015DE5A /* LaunchScreen.storyboard */; };
		18F36CF423D14C240015DE5A /* KKTableViewCell.swift in Sources */ = {isa = PBXBuildFile; fileRef = 18F36CF323D14C240015DE5A /* KKTableViewCell.swift */; };
		18F36CFA23D15CCD0015DE5A /* HTTPClint.swift in Sources */ = {isa = PBXBuildFile; fileRef = 18F36CF923D15CCD0015DE5A /* HTTPClint.swift */; };
		18F36CFC23D15D4C0015DE5A /* UserRequest.swift in Sources */ = {isa = PBXBuildFile; fileRef = 18F36CFB23D15D4C0015DE5A /* UserRequest.swift */; };
		18F36D0023D165270015DE5A /* UserProvider.swift in Sources */ = {isa = PBXBuildFile; fileRef = 18F36CFF23D165270015DE5A /* UserProvider.swift */; };
		18F36D0223D1659B0015DE5A /* Parser.swift in Sources */ = {isa = PBXBuildFile; fileRef = 18F36D0123D1659B0015DE5A /* Parser.swift */; };
		18F36D0423D18B7C0015DE5A /* UserObject.swift in Sources */ = {isa = PBXBuildFile; fileRef = 18F36D0323D18B7C0015DE5A /* UserObject.swift */; };
		18F36D0623D1906B0015DE5A /* UserInfoManager.swift in Sources */ = {isa = PBXBuildFile; fileRef = 18F36D0523D1906B0015DE5A /* UserInfoManager.swift */; };
		18F36D0923D1A3AE0015DE5A /* Kingfisher.swift in Sources */ = {isa = PBXBuildFile; fileRef = 18F36D0823D1A3AE0015DE5A /* Kingfisher.swift */; };
		D062AE0B677B62E6A319FF78 /* Pods_LearKKBOX.framework in Frameworks */ = {isa = PBXBuildFile; fileRef = CAC631324F83084F6B3979D8 /* Pods_LearKKBOX.framework */; };
/* End PBXBuildFile section */

/* Begin PBXFileReference section */
		18F36CDC23D148DB0015DE5A /* LearKKBOX.app */ = {isa = PBXFileReference; explicitFileType = wrapper.application; includeInIndex = 0; path = LearKKBOX.app; sourceTree = BUILT_PRODUCTS_DIR; };
		18F36CDF23D148DB0015DE5A /* AppDelegate.swift */ = {isa = PBXFileReference; lastKnownFileType = sourcecode.swift; path = AppDelegate.swift; sourceTree = "<group>"; };
		18F36CE123D148DB0015DE5A /* SceneDelegate.swift */ = {isa = PBXFileReference; lastKnownFileType = sourcecode.swift; path = SceneDelegate.swift; sourceTree = "<group>"; };
		18F36CE323D148DB0015DE5A /* ViewController.swift */ = {isa = PBXFileReference; lastKnownFileType = sourcecode.swift; path = ViewController.swift; sourceTree = "<group>"; };
		18F36CE623D148DB0015DE5A /* Base */ = {isa = PBXFileReference; lastKnownFileType = file.storyboard; name = Base; path = Base.lproj/Main.storyboard; sourceTree = "<group>"; };
		18F36CE823D148DC0015DE5A /* Assets.xcassets */ = {isa = PBXFileReference; lastKnownFileType = folder.assetcatalog; path = Assets.xcassets; sourceTree = "<group>"; };
		18F36CEB23D148DC0015DE5A /* Base */ = {isa = PBXFileReference; lastKnownFileType = file.storyboard; name = Base; path = Base.lproj/LaunchScreen.storyboard; sourceTree = "<group>"; };
		18F36CED23D148DC0015DE5A /* Info.plist */ = {isa = PBXFileReference; lastKnownFileType = text.plist.xml; path = Info.plist; sourceTree = "<group>"; };
		18F36CF323D14C240015DE5A /* KKTableViewCell.swift */ = {isa = PBXFileReference; lastKnownFileType = sourcecode.swift; path = KKTableViewCell.swift; sourceTree = "<group>"; };
		18F36CF923D15CCD0015DE5A /* HTTPClint.swift */ = {isa = PBXFileReference; lastKnownFileType = sourcecode.swift; path = HTTPClint.swift; sourceTree = "<group>"; };
		18F36CFB23D15D4C0015DE5A /* UserRequest.swift */ = {isa = PBXFileReference; lastKnownFileType = sourcecode.swift; path = UserRequest.swift; sourceTree = "<group>"; };
		18F36CFF23D165270015DE5A /* UserProvider.swift */ = {isa = PBXFileReference; lastKnownFileType = sourcecode.swift; path = UserProvider.swift; sourceTree = "<group>"; };
		18F36D0123D1659B0015DE5A /* Parser.swift */ = {isa = PBXFileReference; lastKnownFileType = sourcecode.swift; path = Parser.swift; sourceTree = "<group>"; };
		18F36D0323D18B7C0015DE5A /* UserObject.swift */ = {isa = PBXFileReference; lastKnownFileType = sourcecode.swift; path = UserObject.swift; sourceTree = "<group>"; };
		18F36D0523D1906B0015DE5A /* UserInfoManager.swift */ = {isa = PBXFileReference; lastKnownFileType = sourcecode.swift; path = UserInfoManager.swift; sourceTree = "<group>"; };
		18F36D0823D1A3AE0015DE5A /* Kingfisher.swift */ = {isa = PBXFileReference; lastKnownFileType = sourcecode.swift; path = Kingfisher.swift; sourceTree = "<group>"; };
		59834285473EFD6F7C3A3CBC /* Pods-LearKKBOX.release.xcconfig */ = {isa = PBXFileReference; includeInIndex = 1; lastKnownFileType = text.xcconfig; name = "Pods-LearKKBOX.release.xcconfig"; path = "Target Support Files/Pods-LearKKBOX/Pods-LearKKBOX.release.xcconfig"; sourceTree = "<group>"; };
		CAC631324F83084F6B3979D8 /* Pods_LearKKBOX.framework */ = {isa = PBXFileReference; explicitFileType = wrapper.framework; includeInIndex = 0; path = Pods_LearKKBOX.framework; sourceTree = BUILT_PRODUCTS_DIR; };
		D5FCCC00BFF56FDB85337DB7 /* Pods-LearKKBOX.debug.xcconfig */ = {isa = PBXFileReference; includeInIndex = 1; lastKnownFileType = text.xcconfig; name = "Pods-LearKKBOX.debug.xcconfig"; path = "Target Support Files/Pods-LearKKBOX/Pods-LearKKBOX.debug.xcconfig"; sourceTree = "<group>"; };
/* End PBXFileReference section */

/* Begin PBXFrameworksBuildPhase section */
		18F36CD923D148DB0015DE5A /* Frameworks */ = {
			isa = PBXFrameworksBuildPhase;
			buildActionMask = 2147483647;
			files = (
				D062AE0B677B62E6A319FF78 /* Pods_LearKKBOX.framework in Frameworks */,
			);
			runOnlyForDeploymentPostprocessing = 0;
		};
/* End PBXFrameworksBuildPhase section */

/* Begin PBXGroup section */
		18F36CD323D148DB0015DE5A = {
			isa = PBXGroup;
			children = (
				18F36CDE23D148DB0015DE5A /* LearKKBOX */,
				18F36CDD23D148DB0015DE5A /* Products */,
				28A6C15184D37BBCB64DE6E7 /* Pods */,
				3ABA10051772EE0437570AD4 /* Frameworks */,
			);
			sourceTree = "<group>";
		};
		18F36CDD23D148DB0015DE5A /* Products */ = {
			isa = PBXGroup;
			children = (
				18F36CDC23D148DB0015DE5A /* LearKKBOX.app */,
			);
			name = Products;
			sourceTree = "<group>";
		};
		18F36CDE23D148DB0015DE5A /* LearKKBOX */ = {
			isa = PBXGroup;
			children = (
				18F36CDF23D148DB0015DE5A /* AppDelegate.swift */,
				18F36CE123D148DB0015DE5A /* SceneDelegate.swift */,
				18F36CED23D148DC0015DE5A /* Info.plist */,
				18F36D0723D1A37F0015DE5A /* Third Party Wrapper */,
				18F36CF823D14D290015DE5A /* Resource */,
				18F36CF523D14CE30015DE5A /* Model */,
				18F36CF623D14CEA0015DE5A /* View */,
				18F36CF723D14CF70015DE5A /* Controller */,
			);
			path = LearKKBOX;
			sourceTree = "<group>";
		};
		18F36CF523D14CE30015DE5A /* Model */ = {
			isa = PBXGroup;
			children = (
				18F36CFF23D165270015DE5A /* UserProvider.swift */,
				18F36D0523D1906B0015DE5A /* UserInfoManager.swift */,
				18F36D0323D18B7C0015DE5A /* UserObject.swift */,
				18F36D0123D1659B0015DE5A /* Parser.swift */,
				18F36CFB23D15D4C0015DE5A /* UserRequest.swift */,
				18F36CF923D15CCD0015DE5A /* HTTPClint.swift */,
			);
			path = Model;
			sourceTree = "<group>";
		};
		18F36CF623D14CEA0015DE5A /* View */ = {
			isa = PBXGroup;
			children = (
				18F36CF323D14C240015DE5A /* KKTableViewCell.swift */,
				18F36CEA23D148DC0015DE5A /* LaunchScreen.storyboard */,
				18F36CE523D148DB0015DE5A /* Main.storyboard */,
			);
			path = View;
			sourceTree = "<group>";
		};
		18F36CF723D14CF70015DE5A /* Controller */ = {
			isa = PBXGroup;
			children = (
				18F36CE323D148DB0015DE5A /* ViewController.swift */,
			);
			path = Controller;
			sourceTree = "<group>";
		};
		18F36CF823D14D290015DE5A /* Resource */ = {
			isa = PBXGroup;
			children = (
				18F36CE823D148DC0015DE5A /* Assets.xcassets */,
			);
			path = Resource;
			sourceTree = "<group>";
		};
		18F36D0723D1A37F0015DE5A /* Third Party Wrapper */ = {
			isa = PBXGroup;
			children = (
				18F36D0823D1A3AE0015DE5A /* Kingfisher.swift */,
			);
			path = "Third Party Wrapper";
			sourceTree = "<group>";
		};
		28A6C15184D37BBCB64DE6E7 /* Pods */ = {
			isa = PBXGroup;
			children = (
				D5FCCC00BFF56FDB85337DB7 /* Pods-LearKKBOX.debug.xcconfig */,
				59834285473EFD6F7C3A3CBC /* Pods-LearKKBOX.release.xcconfig */,
			);
			path = Pods;
			sourceTree = "<group>";
		};
		3ABA10051772EE0437570AD4 /* Frameworks */ = {
			isa = PBXGroup;
			children = (
				CAC631324F83084F6B3979D8 /* Pods_LearKKBOX.framework */,
			);
			name = Frameworks;
			sourceTree = "<group>";
		};
/* End PBXGroup section */

/* Begin PBXNativeTarget section */
		18F36CDB23D148DB0015DE5A /* LearKKBOX */ = {
			isa = PBXNativeTarget;
			buildConfigurationList = 18F36CF023D148DC0015DE5A /* Build configuration list for PBXNativeTarget "LearKKBOX" */;
			buildPhases = (
				C87C902FCF1155CC5C017B08 /* [CP] Check Pods Manifest.lock */,
				18F36CD823D148DB0015DE5A /* Sources */,
				18F36CD923D148DB0015DE5A /* Frameworks */,
				18F36CDA23D148DB0015DE5A /* Resources */,
				146E4EA05FCE8F786AEB0ED6 /* [CP] Embed Pods Frameworks */,
			);
			buildRules = (
			);
			dependencies = (
			);
			name = LearKKBOX;
			productName = LearKKBOX;
			productReference = 18F36CDC23D148DB0015DE5A /* LearKKBOX.app */;
			productType = "com.apple.product-type.application";
		};
/* End PBXNativeTarget section */

/* Begin PBXProject section */
		18F36CD423D148DB0015DE5A /* Project object */ = {
			isa = PBXProject;
			attributes = {
				LastSwiftUpdateCheck = 1130;
				LastUpgradeCheck = 1130;
				ORGANIZATIONNAME = neal812220;
				TargetAttributes = {
					18F36CDB23D148DB0015DE5A = {
						CreatedOnToolsVersion = 11.3;
					};
				};
			};
			buildConfigurationList = 18F36CD723D148DB0015DE5A /* Build configuration list for PBXProject "LearKKBOX" */;
			compatibilityVersion = "Xcode 9.3";
			developmentRegion = en;
			hasScannedForEncodings = 0;
			knownRegions = (
				en,
				Base,
			);
			mainGroup = 18F36CD323D148DB0015DE5A;
			productRefGroup = 18F36CDD23D148DB0015DE5A /* Products */;
			projectDirPath = "";
			projectRoot = "";
			targets = (
				18F36CDB23D148DB0015DE5A /* LearKKBOX */,
			);
		};
/* End PBXProject section */

/* Begin PBXResourcesBuildPhase section */
		18F36CDA23D148DB0015DE5A /* Resources */ = {
			isa = PBXResourcesBuildPhase;
			buildActionMask = 2147483647;
			files = (
				18F36CEC23D148DC0015DE5A /* LaunchScreen.storyboard in Resources */,
				18F36CE923D148DC0015DE5A /* Assets.xcassets in Resources */,
				18F36CE723D148DB0015DE5A /* Main.storyboard in Resources */,
			);
			runOnlyForDeploymentPostprocessing = 0;
		};
/* End PBXResourcesBuildPhase section */

/* Begin PBXShellScriptBuildPhase section */
		146E4EA05FCE8F786AEB0ED6 /* [CP] Embed Pods Frameworks */ = {
			isa = PBXShellScriptBuildPhase;
			buildActionMask = 2147483647;
			files = (
			);
			inputFileListPaths = (
				"${PODS_ROOT}/Target Support Files/Pods-LearKKBOX/Pods-LearKKBOX-frameworks-${CONFIGURATION}-input-files.xcfilelist",
			);
			name = "[CP] Embed Pods Frameworks";
			outputFileListPaths = (
				"${PODS_ROOT}/Target Support Files/Pods-LearKKBOX/Pods-LearKKBOX-frameworks-${CONFIGURATION}-output-files.xcfilelist",
			);
			runOnlyForDeploymentPostprocessing = 0;
			shellPath = /bin/sh;
			shellScript = "\"${PODS_ROOT}/Target Support Files/Pods-LearKKBOX/Pods-LearKKBOX-frameworks.sh\"\n";
			showEnvVarsInLog = 0;
		};
		C87C902FCF1155CC5C017B08 /* [CP] Check Pods Manifest.lock */ = {
			isa = PBXShellScriptBuildPhase;
			buildActionMask = 2147483647;
			files = (
			);
			inputFileListPaths = (
			);
			inputPaths = (
				"${PODS_PODFILE_DIR_PATH}/Podfile.lock",
				"${PODS_ROOT}/Manifest.lock",
			);
			name = "[CP] Check Pods Manifest.lock";
			outputFileListPaths = (
			);
			outputPaths = (
				"$(DERIVED_FILE_DIR)/Pods-LearKKBOX-checkManifestLockResult.txt",
			);
			runOnlyForDeploymentPostprocessing = 0;
			shellPath = /bin/sh;
			shellScript = "diff \"${PODS_PODFILE_DIR_PATH}/Podfile.lock\" \"${PODS_ROOT}/Manifest.lock\" > /dev/null\nif [ $? != 0 ] ; then\n    # print error to STDERR\n    echo \"error: The sandbox is not in sync with the Podfile.lock. Run 'pod install' or update your CocoaPods installation.\" >&2\n    exit 1\nfi\n# This output is used by Xcode 'outputs' to avoid re-running this script phase.\necho \"SUCCESS\" > \"${SCRIPT_OUTPUT_FILE_0}\"\n";
			showEnvVarsInLog = 0;
		};
/* End PBXShellScriptBuildPhase section */

/* Begin PBXSourcesBuildPhase section */
		18F36CD823D148DB0015DE5A /* Sources */ = {
			isa = PBXSourcesBuildPhase;
			buildActionMask = 2147483647;
			files = (
				18F36CE423D148DB0015DE5A /* ViewController.swift in Sources */,
				18F36CFA23D15CCD0015DE5A /* HTTPClint.swift in Sources */,
				18F36D0623D1906B0015DE5A /* UserInfoManager.swift in Sources */,
				18F36D0423D18B7C0015DE5A /* UserObject.swift in Sources */,
				18F36CFC23D15D4C0015DE5A /* UserRequest.swift in Sources */,
				18F36CF423D14C240015DE5A /* KKTableViewCell.swift in Sources */,
				18F36D0923D1A3AE0015DE5A /* Kingfisher.swift in Sources */,
				18F36D0223D1659B0015DE5A /* Parser.swift in Sources */,
				18F36D0023D165270015DE5A /* UserProvider.swift in Sources */,
				18F36CE023D148DB0015DE5A /* AppDelegate.swift in Sources */,
				18F36CE223D148DB0015DE5A /* SceneDelegate.swift in Sources */,
			);
			runOnlyForDeploymentPostprocessing = 0;
		};
/* End PBXSourcesBuildPhase section */

/* Begin PBXVariantGroup section */
		18F36CE523D148DB0015DE5A /* Main.storyboard */ = {
			isa = PBXVariantGroup;
			children = (
				18F36CE623D148DB0015DE5A /* Base */,
			);
			name = Main.storyboard;
			sourceTree = "<group>";
		};
		18F36CEA23D148DC0015DE5A /* LaunchScreen.storyboard */ = {
			isa = PBXVariantGroup;
			children = (
				18F36CEB23D148DC0015DE5A /* Base */,
			);
			name = LaunchScreen.storyboard;
			sourceTree = "<group>";
		};
/* End PBXVariantGroup section */

/* Begin XCBuildConfiguration section */
		18F36CEE23D148DC0015DE5A /* Debug */ = {
			isa = XCBuildConfiguration;
			buildSettings = {
				ALWAYS_SEARCH_USER_PATHS = NO;
				CLANG_ANALYZER_NONNULL = YES;
				CLANG_ANALYZER_NUMBER_OBJECT_CONVERSION = YES_AGGRESSIVE;
				CLANG_CXX_LANGUAGE_STANDARD = "gnu++14";
				CLANG_CXX_LIBRARY = "libc++";
				CLANG_ENABLE_MODULES = YES;
				CLANG_ENABLE_OBJC_ARC = YES;
				CLANG_ENABLE_OBJC_WEAK = YES;
				CLANG_WARN_BLOCK_CAPTURE_AUTORELEASING = YES;
				CLANG_WARN_BOOL_CONVERSION = YES;
				CLANG_WARN_COMMA = YES;
				CLANG_WARN_CONSTANT_CONVERSION = YES;
				CLANG_WARN_DEPRECATED_OBJC_IMPLEMENTATIONS = YES;
				CLANG_WARN_DIRECT_OBJC_ISA_USAGE = YES_ERROR;
				CLANG_WARN_DOCUMENTATION_COMMENTS = YES;
				CLANG_WARN_EMPTY_BODY = YES;
				CLANG_WARN_ENUM_CONVERSION = YES;
				CLANG_WARN_INFINITE_RECURSION = YES;
				CLANG_WARN_INT_CONVERSION = YES;
				CLANG_WARN_NON_LITERAL_NULL_CONVERSION = YES;
				CLANG_WARN_OBJC_IMPLICIT_RETAIN_SELF = YES;
				CLANG_WARN_OBJC_LITERAL_CONVERSION = YES;
				CLANG_WARN_OBJC_ROOT_CLASS = YES_ERROR;
				CLANG_WARN_RANGE_LOOP_ANALYSIS = YES;
				CLANG_WARN_STRICT_PROTOTYPES = YES;
				CLANG_WARN_SUSPICIOUS_MOVE = YES;
				CLANG_WARN_UNGUARDED_AVAILABILITY = YES_AGGRESSIVE;
				CLANG_WARN_UNREACHABLE_CODE = YES;
				CLANG_WARN__DUPLICATE_METHOD_MATCH = YES;
				COPY_PHASE_STRIP = NO;
				DEBUG_INFORMATION_FORMAT = dwarf;
				ENABLE_STRICT_OBJC_MSGSEND = YES;
				ENABLE_TESTABILITY = YES;
				GCC_C_LANGUAGE_STANDARD = gnu11;
				GCC_DYNAMIC_NO_PIC = NO;
				GCC_NO_COMMON_BLOCKS = YES;
				GCC_OPTIMIZATION_LEVEL = 0;
				GCC_PREPROCESSOR_DEFINITIONS = (
					"DEBUG=1",
					"$(inherited)",
				);
				GCC_WARN_64_TO_32_BIT_CONVERSION = YES;
				GCC_WARN_ABOUT_RETURN_TYPE = YES_ERROR;
				GCC_WARN_UNDECLARED_SELECTOR = YES;
				GCC_WARN_UNINITIALIZED_AUTOS = YES_AGGRESSIVE;
				GCC_WARN_UNUSED_FUNCTION = YES;
				GCC_WARN_UNUSED_VARIABLE = YES;
				IPHONEOS_DEPLOYMENT_TARGET = 13.2;
				MTL_ENABLE_DEBUG_INFO = INCLUDE_SOURCE;
				MTL_FAST_MATH = YES;
				ONLY_ACTIVE_ARCH = YES;
				SDKROOT = iphoneos;
				SWIFT_ACTIVE_COMPILATION_CONDITIONS = DEBUG;
				SWIFT_OPTIMIZATION_LEVEL = "-Onone";
			};
			name = Debug;
		};
		18F36CEF23D148DC0015DE5A /* Release */ = {
			isa = XCBuildConfiguration;
			buildSettings = {
				ALWAYS_SEARCH_USER_PATHS = NO;
				CLANG_ANALYZER_NONNULL = YES;
				CLANG_ANALYZER_NUMBER_OBJECT_CONVERSION = YES_AGGRESSIVE;
				CLANG_CXX_LANGUAGE_STANDARD = "gnu++14";
				CLANG_CXX_LIBRARY = "libc++";
				CLANG_ENABLE_MODULES = YES;
				CLANG_ENABLE_OBJC_ARC = YES;
				CLANG_ENABLE_OBJC_WEAK = YES;
				CLANG_WARN_BLOCK_CAPTURE_AUTORELEASING = YES;
				CLANG_WARN_BOOL_CONVERSION = YES;
				CLANG_WARN_COMMA = YES;
				CLANG_WARN_CONSTANT_CONVERSION = YES;
				CLANG_WARN_DEPRECATED_OBJC_IMPLEMENTATIONS = YES;
				CLANG_WARN_DIRECT_OBJC_ISA_USAGE = YES_ERROR;
				CLANG_WARN_DOCUMENTATION_COMMENTS = YES;
				CLANG_WARN_EMPTY_BODY = YES;
				CLANG_WARN_ENUM_CONVERSION = YES;
				CLANG_WARN_INFINITE_RECURSION = YES;
				CLANG_WARN_INT_CONVERSION = YES;
				CLANG_WARN_NON_LITERAL_NULL_CONVERSION = YES;
				CLANG_WARN_OBJC_IMPLICIT_RETAIN_SELF = YES;
				CLANG_WARN_OBJC_LITERAL_CONVERSION = YES;
				CLANG_WARN_OBJC_ROOT_CLASS = YES_ERROR;
				CLANG_WARN_RANGE_LOOP_ANALYSIS = YES;
				CLANG_WARN_STRICT_PROTOTYPES = YES;
				CLANG_WARN_SUSPICIOUS_MOVE = YES;
				CLANG_WARN_UNGUARDED_AVAILABILITY = YES_AGGRESSIVE;
				CLANG_WARN_UNREACHABLE_CODE = YES;
				CLANG_WARN__DUPLICATE_METHOD_MATCH = YES;
				COPY_PHASE_STRIP = NO;
				DEBUG_INFORMATION_FORMAT = "dwarf-with-dsym";
				ENABLE_NS_ASSERTIONS = NO;
				ENABLE_STRICT_OBJC_MSGSEND = YES;
				GCC_C_LANGUAGE_STANDARD = gnu11;
				GCC_NO_COMMON_BLOCKS = YES;
				GCC_WARN_64_TO_32_BIT_CONVERSION = YES;
				GCC_WARN_ABOUT_RETURN_TYPE = YES_ERROR;
				GCC_WARN_UNDECLARED_SELECTOR = YES;
				GCC_WARN_UNINITIALIZED_AUTOS = YES_AGGRESSIVE;
				GCC_WARN_UNUSED_FUNCTION = YES;
				GCC_WARN_UNUSED_VARIABLE = YES;
				IPHONEOS_DEPLOYMENT_TARGET = 13.2;
				MTL_ENABLE_DEBUG_INFO = NO;
				MTL_FAST_MATH = YES;
				SDKROOT = iphoneos;
				SWIFT_COMPILATION_MODE = wholemodule;
				SWIFT_OPTIMIZATION_LEVEL = "-O";
				VALIDATE_PRODUCT = YES;
			};
			name = Release;
		};
		18F36CF123D148DC0015DE5A /* Debug */ = {
			isa = XCBuildConfiguration;
			baseConfigurationReference = D5FCCC00BFF56FDB85337DB7 /* Pods-LearKKBOX.debug.xcconfig */;
			buildSettings = {
				ASSETCATALOG_COMPILER_APPICON_NAME = AppIcon;
				CODE_SIGN_STYLE = Automatic;
				DEVELOPMENT_TEAM = 9W3FMHPU3X;
				INFOPLIST_FILE = LearKKBOX/Info.plist;
				LD_RUNPATH_SEARCH_PATHS = (
					"$(inherited)",
					"@executable_path/Frameworks",
				);
				PRODUCT_BUNDLE_IDENTIFIER = com.neal811220.LearKKBOX;
				PRODUCT_NAME = "$(TARGET_NAME)";
				SWIFT_VERSION = 5.0;
				TARGETED_DEVICE_FAMILY = "1,2";
			};
			name = Debug;
		};
		18F36CF223D148DC0015DE5A /* Release */ = {
			isa = XCBuildConfiguration;
			baseConfigurationReference = 59834285473EFD6F7C3A3CBC /* Pods-LearKKBOX.release.xcconfig */;
			buildSettings = {
				ASSETCATALOG_COMPILER_APPICON_NAME = AppIcon;
				CODE_SIGN_STYLE = Automatic;
				DEVELOPMENT_TEAM = 9W3FMHPU3X;
				INFOPLIST_FILE = LearKKBOX/Info.plist;
				LD_RUNPATH_SEARCH_PATHS = (
					"$(inherited)",
					"@executable_path/Frameworks",
				);
				PRODUCT_BUNDLE_IDENTIFIER = com.neal811220.LearKKBOX;
				PRODUCT_NAME = "$(TARGET_NAME)";
				SWIFT_VERSION = 5.0;
				TARGETED_DEVICE_FAMILY = "1,2";
			};
			name = Release;
		};
/* End XCBuildConfiguration section */

/* Begin XCConfigurationList section */
		18F36CD723D148DB0015DE5A /* Build configuration list for PBXProject "LearKKBOX" */ = {
			isa = XCConfigurationList;
			buildConfigurations = (
				18F36CEE23D148DC0015DE5A /* Debug */,
				18F36CEF23D148DC0015DE5A /* Release */,
			);
			defaultConfigurationIsVisible = 0;
			defaultConfigurationName = Release;
		};
		18F36CF023D148DC0015DE5A /* Build configuration list for PBXNativeTarget "LearKKBOX" */ = {
			isa = XCConfigurationList;
			buildConfigurations = (
				18F36CF123D148DC0015DE5A /* Debug */,
				18F36CF223D148DC0015DE5A /* Release */,
			);
			defaultConfigurationIsVisible = 0;
			defaultConfigurationName = Release;
		};
/* End XCConfigurationList section */
	};
	rootObject = 18F36CD423D148DB0015DE5A /* Project object */;
}
